
Microsoft Visual Studio Solution File, Format Version 12.00
# Visual Studio Version 16
VisualStudioVersion = 16.0.29306.81
MinimumVisualStudioVersion = 10.0.40219.1
Project("{FAE04EC0-301F-11D3-BF4B-00C04F79EFBC}") = "CelestialTools", "CelestialTools\CelestialTools.csproj", "{F2CA08D1-4D4A-044F-01D7-9BE44AA42B81}"
EndProject
Project("{2150E333-8FDC-42A3-9474-1A3956D46DE8}") = "Solution Items", "Solution Items", "{B9230198-61BA-42B0-A232-5B9BCA6198E3}"
	ProjectSection(SolutionItems) = preProject
		.editorconfig = .editorconfig
	EndProjectSection
EndProject
Global
	GlobalSection(SolutionConfigurationPlatforms) = preSolution
		Debug|Any CPU = Debug|Any CPU
		Release|Any CPU = Release|Any CPU
	EndGlobalSection
	GlobalSection(ProjectConfigurationPlatforms) = postSolution
		{F2CA08D1-4D4A-044F-01D7-9BE44AA42B81}.Debug|Any CPU.ActiveCfg = Debug|Any CPU
		{F2CA08D1-4D4A-044F-01D7-9BE44AA42B81}.Debug|Any CPU.Build.0 = Debug|Any CPU
		{F2CA08D1-4D4A-044F-01D7-9BE44AA42B81}.Release|Any CPU.ActiveCfg = Release|Any CPU
		{F2CA08D1-4D4A-044F-01D7-9BE44AA42B81}.Release|Any CPU.Build.0 = Release|Any CPU
		{F2CA08D1-4D4A-044F-01D7-9BE44AA42B81}.Release|Any CPU.Deploy.0 = Release|Any CPU
	EndGlobalSection
	GlobalSection(SolutionProperties) = preSolution
		HideSolutionNode = FALSE
	EndGlobalSection
	GlobalSection(ExtensibilityGlobals) = postSolution
		SolutionGuid = {A281BB04-474A-4DB2-9CBB-0C2188816400}
		BuildVersion_StartDate = 2000/1/1
		BuildVersion_UseGlobalSettings = True
	EndGlobalSection
EndGlobal
